
Microsoft Visual Studio Solution File, Format Version 12.00
# Visual Studio Version 17
VisualStudioVersion = 17.11.35208.52
MinimumVisualStudioVersion = 10.0.40219.1
Project("{FAE04EC0-301F-11D3-BF4B-00C04F79EFBC}") = "tarealab", "tarealab\tarealab.csproj", "{D6373DC2-07EA-4103-A85D-9FBBC7E58A3F}"
EndProject
Project("{2150E333-8FDC-42A3-9474-1A3956D46DE8}") = "Solution Items", "Solution Items", "{D1E0A29E-7506-4461-BA41-C5FFFC5F0E36}"
	ProjectSection(SolutionItems) = preProject
		.editorconfig = .editorconfig
	EndProjectSection
EndProject
Global
	GlobalSection(SolutionConfigurationPlatforms) = preSolution
		Debug|Any CPU = Debug|Any CPU
		Release|Any CPU = Release|Any CPU
	EndGlobalSection
	GlobalSection(ProjectConfigurationPlatforms) = postSolution
		{D6373DC2-07EA-4103-A85D-9FBBC7E58A3F}.Debug|Any CPU.ActiveCfg = Debug|Any CPU
		{D6373DC2-07EA-4103-A85D-9FBBC7E58A3F}.Debug|Any CPU.Build.0 = Debug|Any CPU
		{D6373DC2-07EA-4103-A85D-9FBBC7E58A3F}.Release|Any CPU.ActiveCfg = Release|Any CPU
		{D6373DC2-07EA-4103-A85D-9FBBC7E58A3F}.Release|Any CPU.Build.0 = Release|Any CPU
	EndGlobalSection
	GlobalSection(SolutionProperties) = preSolution
		HideSolutionNode = FALSE
	EndGlobalSection
	GlobalSection(ExtensibilityGlobals) = postSolution
		SolutionGuid = {3B96DC44-3E85-4190-A818-CBC1ED7EFDBC}
	EndGlobalSection
EndGlobal
